
Microsoft Visual Studio Solution File, Format Version 12.00
# Visual Studio Version 16
VisualStudioVersion = 16.0.30523.141
MinimumVisualStudioVersion = 10.0.40219.1
Project("{FAE04EC0-301F-11D3-BF4B-00C04F79EFBC}") = "TestCustomControl", "TestCustomControl\TestCustomControl.csproj", "{D092D96D-AE4A-4088-8CD1-EB15D5C5A100}"
EndProject
Project("{FAE04EC0-301F-11D3-BF4B-00C04F79EFBC}") = "WpfCCLibrary", "WpfCCLibrary\WpfCCLibrary.csproj", "{8EEEE1ED-07C3-4747-963D-600D4A1C02FC}"
EndProject
Global
	GlobalSection(SolutionConfigurationPlatforms) = preSolution
		Debug|Any CPU = Debug|Any CPU
		Release|Any CPU = Release|Any CPU
	EndGlobalSection
	GlobalSection(ProjectConfigurationPlatforms) = postSolution
		{D092D96D-AE4A-4088-8CD1-EB15D5C5A100}.Debug|Any CPU.ActiveCfg = Debug|Any CPU
		{D092D96D-AE4A-4088-8CD1-EB15D5C5A100}.Debug|Any CPU.Build.0 = Debug|Any CPU
		{D092D96D-AE4A-4088-8CD1-EB15D5C5A100}.Release|Any CPU.ActiveCfg = Release|Any CPU
		{D092D96D-AE4A-4088-8CD1-EB15D5C5A100}.Release|Any CPU.Build.0 = Release|Any CPU
		{8EEEE1ED-07C3-4747-963D-600D4A1C02FC}.Debug|Any CPU.ActiveCfg = Debug|Any CPU
		{8EEEE1ED-07C3-4747-963D-600D4A1C02FC}.Debug|Any CPU.Build.0 = Debug|Any CPU
		{8EEEE1ED-07C3-4747-963D-600D4A1C02FC}.Release|Any CPU.ActiveCfg = Release|Any CPU
		{8EEEE1ED-07C3-4747-963D-600D4A1C02FC}.Release|Any CPU.Build.0 = Release|Any CPU
	EndGlobalSection
	GlobalSection(SolutionProperties) = preSolution
		HideSolutionNode = FALSE
	EndGlobalSection
	GlobalSection(ExtensibilityGlobals) = postSolution
		SolutionGuid = {F58AA6FD-88F2-4F0B-BD49-B2F9A511A562}
	EndGlobalSection
EndGlobal
